
Microsoft Visual Studio Solution File, Format Version 12.00
# Visual Studio Version 16
VisualStudioVersion = 16.0.30503.244
MinimumVisualStudioVersion = 10.0.40219.1
Project("{FAE04EC0-301F-11D3-BF4B-00C04F79EFBC}") = "MailServer", "MailServer\MailServer.csproj", "{89052914-9DDD-433D-AB24-70137F476E65}"
EndProject
Global
	GlobalSection(SolutionConfigurationPlatforms) = preSolution
		Debug|Any CPU = Debug|Any CPU
		Release|Any CPU = Release|Any CPU
	EndGlobalSection
	GlobalSection(ProjectConfigurationPlatforms) = postSolution
		{89052914-9DDD-433D-AB24-70137F476E65}.Debug|Any CPU.ActiveCfg = Debug|Any CPU
		{89052914-9DDD-433D-AB24-70137F476E65}.Debug|Any CPU.Build.0 = Debug|Any CPU
		{89052914-9DDD-433D-AB24-70137F476E65}.Release|Any CPU.ActiveCfg = Release|Any CPU
		{89052914-9DDD-433D-AB24-70137F476E65}.Release|Any CPU.Build.0 = Release|Any CPU
	EndGlobalSection
	GlobalSection(SolutionProperties) = preSolution
		HideSolutionNode = FALSE
	EndGlobalSection
	GlobalSection(ExtensibilityGlobals) = postSolution
		SolutionGuid = {D7BBD00E-556C-4F5D-BC1F-57281AC52323}
	EndGlobalSection
EndGlobal
